
Microsoft Visual Studio Solution File, Format Version 12.00
# Visual Studio Version 17
VisualStudioVersion = 17.4.33122.133
MinimumVisualStudioVersion = 10.0.40219.1
Project("{00D1A9C2-B5F0-4AF3-8072-F6C62B433612}") = "RecordingSystem.DB", "RecordingSystem.DB\RecordingSystem.DB.sqlproj", "{176BC284-887D-4754-B618-35B2F6A248DD}"
EndProject
Project("{9A19103F-16F7-4668-BE54-9A1E7A4F7556}") = "RecordingSystem.DAL", "RecordingSystem.DAL\RecordingSystem.DAL.csproj", "{CFDEB01D-98C9-43AE-A05F-FAFF51B28CF8}"
EndProject
Project("{9A19103F-16F7-4668-BE54-9A1E7A4F7556}") = "TestConsole", "TestConsole\TestConsole.csproj", "{A93F5A78-8EC2-4A32-944F-9EC65F66BAEE}"
EndProject
Project("{9A19103F-16F7-4668-BE54-9A1E7A4F7556}") = "RecordingSystem.BLL", "RecordingSystemBLL\RecordingSystem.BLL.csproj", "{6FC10D84-88A6-49FD-A3CC-4B4874C9E5FD}"
EndProject
Project("{FAE04EC0-301F-11D3-BF4B-00C04F79EFBC}") = "RecordingSystem.ServerApp", "RecordingSystem.ServerApp\RecordingSystem.ServerApp.csproj", "{AA112C59-26F0-4551-845F-D1C2533B55F5}"
EndProject
Global
	GlobalSection(SolutionConfigurationPlatforms) = preSolution
		Debug|Any CPU = Debug|Any CPU
		Release|Any CPU = Release|Any CPU
	EndGlobalSection
	GlobalSection(ProjectConfigurationPlatforms) = postSolution
		{176BC284-887D-4754-B618-35B2F6A248DD}.Debug|Any CPU.ActiveCfg = Debug|Any CPU
		{176BC284-887D-4754-B618-35B2F6A248DD}.Debug|Any CPU.Build.0 = Debug|Any CPU
		{176BC284-887D-4754-B618-35B2F6A248DD}.Debug|Any CPU.Deploy.0 = Debug|Any CPU
		{176BC284-887D-4754-B618-35B2F6A248DD}.Release|Any CPU.ActiveCfg = Release|Any CPU
		{176BC284-887D-4754-B618-35B2F6A248DD}.Release|Any CPU.Build.0 = Release|Any CPU
		{176BC284-887D-4754-B618-35B2F6A248DD}.Release|Any CPU.Deploy.0 = Release|Any CPU
		{CFDEB01D-98C9-43AE-A05F-FAFF51B28CF8}.Debug|Any CPU.ActiveCfg = Debug|Any CPU
		{CFDEB01D-98C9-43AE-A05F-FAFF51B28CF8}.Debug|Any CPU.Build.0 = Debug|Any CPU
		{CFDEB01D-98C9-43AE-A05F-FAFF51B28CF8}.Release|Any CPU.ActiveCfg = Release|Any CPU
		{CFDEB01D-98C9-43AE-A05F-FAFF51B28CF8}.Release|Any CPU.Build.0 = Release|Any CPU
		{A93F5A78-8EC2-4A32-944F-9EC65F66BAEE}.Debug|Any CPU.ActiveCfg = Debug|Any CPU
		{A93F5A78-8EC2-4A32-944F-9EC65F66BAEE}.Debug|Any CPU.Build.0 = Debug|Any CPU
		{A93F5A78-8EC2-4A32-944F-9EC65F66BAEE}.Release|Any CPU.ActiveCfg = Release|Any CPU
		{A93F5A78-8EC2-4A32-944F-9EC65F66BAEE}.Release|Any CPU.Build.0 = Release|Any CPU
		{6FC10D84-88A6-49FD-A3CC-4B4874C9E5FD}.Debug|Any CPU.ActiveCfg = Debug|Any CPU
		{6FC10D84-88A6-49FD-A3CC-4B4874C9E5FD}.Debug|Any CPU.Build.0 = Debug|Any CPU
		{6FC10D84-88A6-49FD-A3CC-4B4874C9E5FD}.Release|Any CPU.ActiveCfg = Release|Any CPU
		{6FC10D84-88A6-49FD-A3CC-4B4874C9E5FD}.Release|Any CPU.Build.0 = Release|Any CPU
		{AA112C59-26F0-4551-845F-D1C2533B55F5}.Debug|Any CPU.ActiveCfg = Debug|Any CPU
		{AA112C59-26F0-4551-845F-D1C2533B55F5}.Debug|Any CPU.Build.0 = Debug|Any CPU
		{AA112C59-26F0-4551-845F-D1C2533B55F5}.Release|Any CPU.ActiveCfg = Release|Any CPU
		{AA112C59-26F0-4551-845F-D1C2533B55F5}.Release|Any CPU.Build.0 = Release|Any CPU
	EndGlobalSection
	GlobalSection(SolutionProperties) = preSolution
		HideSolutionNode = FALSE
	EndGlobalSection
	GlobalSection(ExtensibilityGlobals) = postSolution
		SolutionGuid = {474E977B-4EA3-4F8E-B4CC-76B955ACB54A}
	EndGlobalSection
EndGlobal
